// !$*UTF8*$!
{
	archiveVersion = 1;
	classes = {
	};
	objectVersion = 46;
	objects = {

/* Begin PBXBuildFile section */
		B20B7B851EA2EFC100BC5ABA /* RacExtensions.swift in Sources */ = {isa = PBXBuildFile; fileRef = B20B7B841EA2EFC100BC5ABA /* RacExtensions.swift */; };
		B25D051B1EA2CCBD0039D323 /* ReactiveSwift.framework in Frameworks */ = {isa = PBXBuildFile; fileRef = B25D051A1EA2CCBD0039D323 /* ReactiveSwift.framework */; };
		C72D32E21C470F5300F88B11 /* RACNestTests.swift in Sources */ = {isa = PBXBuildFile; fileRef = C72D32E11C470F5300F88B11 /* RACNestTests.swift */; };
		C72D32F81C470FE000F88B11 /* AppDelegate.swift in Sources */ = {isa = PBXBuildFile; fileRef = C72D32ED1C470FE000F88B11 /* AppDelegate.swift */; };
		C72D32F91C470FE000F88B11 /* Assets.xcassets in Resources */ = {isa = PBXBuildFile; fileRef = C72D32EF1C470FE000F88B11 /* Assets.xcassets */; };
		C72D32FA1C470FE000F88B11 /* LaunchScreen.storyboard in Resources */ = {isa = PBXBuildFile; fileRef = C72D32F01C470FE000F88B11 /* LaunchScreen.storyboard */; };
		C72D32FB1C470FE000F88B11 /* Main.storyboard in Resources */ = {isa = PBXBuildFile; fileRef = C72D32F21C470FE000F88B11 /* Main.storyboard */; };
		C72D330D1C471B0C00F88B11 /* CellProtocols.swift in Sources */ = {isa = PBXBuildFile; fileRef = C72D330C1C471B0C00F88B11 /* CellProtocols.swift */; };
		C72D330F1C471B3000F88B11 /* TableViewProtocols.swift in Sources */ = {isa = PBXBuildFile; fileRef = C72D330E1C471B3000F88B11 /* TableViewProtocols.swift */; };
		C741B5A31C5E940400C69372 /* PuzzleViewController.swift in Sources */ = {isa = PBXBuildFile; fileRef = C741B5A21C5E940400C69372 /* PuzzleViewController.swift */; };
		C741B5A61C5E96DF00C69372 /* PuzzleBoard.swift in Sources */ = {isa = PBXBuildFile; fileRef = C741B5A51C5E96DF00C69372 /* PuzzleBoard.swift */; };
		C741B5A81C5EA01900C69372 /* PuzzlePiece.swift in Sources */ = {isa = PBXBuildFile; fileRef = C741B5A71C5EA01900C69372 /* PuzzlePiece.swift */; };
		C741B5B81C5EC65600C69372 /* PuzzlePieceViewModel.swift in Sources */ = {isa = PBXBuildFile; fileRef = C741B5B61C5EC65600C69372 /* PuzzlePieceViewModel.swift */; };
		C76C205B1C504B9D0083F4F5 /* SearchViewController.swift in Sources */ = {isa = PBXBuildFile; fileRef = C76C205A1C504B9D0083F4F5 /* SearchViewController.swift */; };
		C76C20601C5053660083F4F5 /* words.txt in Resources */ = {isa = PBXBuildFile; fileRef = C76C205F1C5053660083F4F5 /* words.txt */; };
		C7852C331C4ACAAA00375089 /* StoryboardViewController.swift in Sources */ = {isa = PBXBuildFile; fileRef = C7852C321C4ACAAA00375089 /* StoryboardViewController.swift */; };
		C7852C351C4ACB6B00375089 /* Storyboard.swift in Sources */ = {isa = PBXBuildFile; fileRef = C7852C341C4ACB6B00375089 /* Storyboard.swift */; };
		C7852C3D1C4ACF9500375089 /* FormViewController.swift in Sources */ = {isa = PBXBuildFile; fileRef = C7852C3C1C4ACF9500375089 /* FormViewController.swift */; };
		C7852C441C4ACFE000375089 /* MainViewModel.swift in Sources */ = {isa = PBXBuildFile; fileRef = C7852C401C4ACFE000375089 /* MainViewModel.swift */; };
		C7852C461C4ACFE000375089 /* MainCellItem.swift in Sources */ = {isa = PBXBuildFile; fileRef = C7852C421C4ACFE000375089 /* MainCellItem.swift */; };
		C7852C471C4ACFE000375089 /* MainViewController.swift in Sources */ = {isa = PBXBuildFile; fileRef = C7852C431C4ACFE000375089 /* MainViewController.swift */; };
		C7852C4C1C4B0E2B00375089 /* FormViewModel.swift in Sources */ = {isa = PBXBuildFile; fileRef = C7852C4B1C4B0E2B00375089 /* FormViewModel.swift */; };
		C7CB87121C51AB8E00ED9AE6 /* GenericTableCell.swift in Sources */ = {isa = PBXBuildFile; fileRef = C7CB87111C51AB8E00ED9AE6 /* GenericTableCell.swift */; };
		C7CB87161C51AC7000ED9AE6 /* SearchCellItem.swift in Sources */ = {isa = PBXBuildFile; fileRef = C7CB87141C51AC7000ED9AE6 /* SearchCellItem.swift */; };
		C7CB87171C51AC7000ED9AE6 /* SearchViewModel.swift in Sources */ = {isa = PBXBuildFile; fileRef = C7CB87151C51AC7000ED9AE6 /* SearchViewModel.swift */; };
		C7E353681C680DC200A6C9DE /* PuzzleBoardDataSource.swift in Sources */ = {isa = PBXBuildFile; fileRef = C7E353671C680DC200A6C9DE /* PuzzleBoardDataSource.swift */; };
		C7E3536A1C680E5C00A6C9DE /* PuzzleBoardAnimator.swift in Sources */ = {isa = PBXBuildFile; fileRef = C7E353691C680E5C00A6C9DE /* PuzzleBoardAnimator.swift */; };
		C7F740501C4B219D00519895 /* ReactiveCocoa.framework in Frameworks */ = {isa = PBXBuildFile; fileRef = C7F7404D1C4B219D00519895 /* ReactiveCocoa.framework */; };
		C7F740511C4B219D00519895 /* Result.framework in Frameworks */ = {isa = PBXBuildFile; fileRef = C7F7404E1C4B219D00519895 /* Result.framework */; };
		C7F740591C4B2A2F00519895 /* UserDefaults.swift in Sources */ = {isa = PBXBuildFile; fileRef = C7F740581C4B2A2F00519895 /* UserDefaults.swift */; };
/* End PBXBuildFile section */

/* Begin PBXContainerItemProxy section */
		C72D32DE1C470F5300F88B11 /* PBXContainerItemProxy */ = {
			isa = PBXContainerItemProxy;
			containerPortal = C72D32C11C470F5200F88B11 /* Project object */;
			proxyType = 1;
			remoteGlobalIDString = C72D32C81C470F5200F88B11;
			remoteInfo = RACNest;
		};
/* End PBXContainerItemProxy section */

/* Begin PBXFileReference section */
		B20B7B841EA2EFC100BC5ABA /* RacExtensions.swift */ = {isa = PBXFileReference; fileEncoding = 4; lastKnownFileType = sourcecode.swift; name = RacExtensions.swift; path = ../../../../../Desktop/RacExtensions.swift; sourceTree = "<group>"; };
		B25D051A1EA2CCBD0039D323 /* ReactiveSwift.framework */ = {isa = PBXFileReference; lastKnownFileType = wrapper.framework; name = ReactiveSwift.framework; path = Carthage/Build/iOS/ReactiveSwift.framework; sourceTree = "<group>"; };
		C72D32C91C470F5200F88B11 /* RACNest.app */ = {isa = PBXFileReference; explicitFileType = wrapper.application; includeInIndex = 0; path = RACNest.app; sourceTree = BUILT_PRODUCTS_DIR; };
		C72D32DD1C470F5300F88B11 /* RACNestTests.xctest */ = {isa = PBXFileReference; explicitFileType = wrapper.cfbundle; includeInIndex = 0; path = RACNestTests.xctest; sourceTree = BUILT_PRODUCTS_DIR; };
		C72D32E11C470F5300F88B11 /* RACNestTests.swift */ = {isa = PBXFileReference; lastKnownFileType = sourcecode.swift; path = RACNestTests.swift; sourceTree = "<group>"; };
		C72D32E31C470F5300F88B11 /* Info.plist */ = {isa = PBXFileReference; lastKnownFileType = text.plist.xml; path = Info.plist; sourceTree = "<group>"; };
		C72D32ED1C470FE000F88B11 /* AppDelegate.swift */ = {isa = PBXFileReference; fileEncoding = 4; lastKnownFileType = sourcecode.swift; path = AppDelegate.swift; sourceTree = "<group>"; };
		C72D32EF1C470FE000F88B11 /* Assets.xcassets */ = {isa = PBXFileReference; lastKnownFileType = folder.assetcatalog; path = Assets.xcassets; sourceTree = "<group>"; };
		C72D32F11C470FE000F88B11 /* Base */ = {isa = PBXFileReference; lastKnownFileType = file.storyboard; name = Base; path = Base.lproj/LaunchScreen.storyboard; sourceTree = "<group>"; };
		C72D32F31C470FE000F88B11 /* Base */ = {isa = PBXFileReference; lastKnownFileType = file.storyboard; name = Base; path = Base.lproj/Main.storyboard; sourceTree = "<group>"; };
		C72D32F51C470FE000F88B11 /* Info.plist */ = {isa = PBXFileReference; fileEncoding = 4; lastKnownFileType = text.plist.xml; path = Info.plist; sourceTree = "<group>"; };
		C72D330C1C471B0C00F88B11 /* CellProtocols.swift */ = {isa = PBXFileReference; fileEncoding = 4; lastKnownFileType = sourcecode.swift; path = CellProtocols.swift; sourceTree = "<group>"; };
		C72D330E1C471B3000F88B11 /* TableViewProtocols.swift */ = {isa = PBXFileReference; fileEncoding = 4; lastKnownFileType = sourcecode.swift; path = TableViewProtocols.swift; sourceTree = "<group>"; };
		C741B5A21C5E940400C69372 /* PuzzleViewController.swift */ = {isa = PBXFileReference; fileEncoding = 4; lastKnownFileType = sourcecode.swift; path = PuzzleViewController.swift; sourceTree = "<group>"; };
		C741B5A51C5E96DF00C69372 /* PuzzleBoard.swift */ = {isa = PBXFileReference; fileEncoding = 4; lastKnownFileType = sourcecode.swift; path = PuzzleBoard.swift; sourceTree = "<group>"; };
		C741B5A71C5EA01900C69372 /* PuzzlePiece.swift */ = {isa = PBXFileReference; fileEncoding = 4; lastKnownFileType = sourcecode.swift; path = PuzzlePiece.swift; sourceTree = "<group>"; };
		C741B5B61C5EC65600C69372 /* PuzzlePieceViewModel.swift */ = {isa = PBXFileReference; fileEncoding = 4; lastKnownFileType = sourcecode.swift; path = PuzzlePieceViewModel.swift; sourceTree = "<group>"; };
		C76C205A1C504B9D0083F4F5 /* SearchViewController.swift */ = {isa = PBXFileReference; fileEncoding = 4; lastKnownFileType = sourcecode.swift; path = SearchViewController.swift; sourceTree = "<group>"; };
		C76C205F1C5053660083F4F5 /* words.txt */ = {isa = PBXFileReference; fileEncoding = 4; lastKnownFileType = text; path = words.txt; sourceTree = "<group>"; };
		C7852C321C4ACAAA00375089 /* StoryboardViewController.swift */ = {isa = PBXFileReference; fileEncoding = 4; lastKnownFileType = sourcecode.swift; path = StoryboardViewController.swift; sourceTree = "<group>"; };
		C7852C341C4ACB6B00375089 /* Storyboard.swift */ = {isa = PBXFileReference; fileEncoding = 4; lastKnownFileType = sourcecode.swift; path = Storyboard.swift; sourceTree = "<group>"; };
		C7852C3C1C4ACF9500375089 /* FormViewController.swift */ = {isa = PBXFileReference; fileEncoding = 4; lastKnownFileType = sourcecode.swift; path = FormViewController.swift; sourceTree = "<group>"; };
		C7852C401C4ACFE000375089 /* MainViewModel.swift */ = {isa = PBXFileReference; fileEncoding = 4; lastKnownFileType = sourcecode.swift; path = MainViewModel.swift; sourceTree = "<group>"; };
		C7852C421C4ACFE000375089 /* MainCellItem.swift */ = {isa = PBXFileReference; fileEncoding = 4; lastKnownFileType = sourcecode.swift; path = MainCellItem.swift; sourceTree = "<group>"; };
		C7852C431C4ACFE000375089 /* MainViewController.swift */ = {isa = PBXFileReference; fileEncoding = 4; lastKnownFileType = sourcecode.swift; path = MainViewController.swift; sourceTree = "<group>"; };
		C7852C4B1C4B0E2B00375089 /* FormViewModel.swift */ = {isa = PBXFileReference; fileEncoding = 4; lastKnownFileType = sourcecode.swift; path = FormViewModel.swift; sourceTree = "<group>"; };
		C7CB87111C51AB8E00ED9AE6 /* GenericTableCell.swift */ = {isa = PBXFileReference; fileEncoding = 4; lastKnownFileType = sourcecode.swift; path = GenericTableCell.swift; sourceTree = "<group>"; };
		C7CB87141C51AC7000ED9AE6 /* SearchCellItem.swift */ = {isa = PBXFileReference; fileEncoding = 4; lastKnownFileType = sourcecode.swift; path = SearchCellItem.swift; sourceTree = "<group>"; };
		C7CB87151C51AC7000ED9AE6 /* SearchViewModel.swift */ = {isa = PBXFileReference; fileEncoding = 4; lastKnownFileType = sourcecode.swift; path = SearchViewModel.swift; sourceTree = "<group>"; };
		C7E353671C680DC200A6C9DE /* PuzzleBoardDataSource.swift */ = {isa = PBXFileReference; fileEncoding = 4; lastKnownFileType = sourcecode.swift; path = PuzzleBoardDataSource.swift; sourceTree = "<group>"; };
		C7E353691C680E5C00A6C9DE /* PuzzleBoardAnimator.swift */ = {isa = PBXFileReference; fileEncoding = 4; lastKnownFileType = sourcecode.swift; path = PuzzleBoardAnimator.swift; sourceTree = "<group>"; };
		C7F7404C1C4B219D00519895 /* Rex.framework */ = {isa = PBXFileReference; lastKnownFileType = wrapper.framework; name = Rex.framework; path = Carthage/Build/iOS/Rex.framework; sourceTree = "<group>"; };
		C7F7404D1C4B219D00519895 /* ReactiveCocoa.framework */ = {isa = PBXFileReference; lastKnownFileType = wrapper.framework; name = ReactiveCocoa.framework; path = Carthage/Build/iOS/ReactiveCocoa.framework; sourceTree = "<group>"; };
		C7F7404E1C4B219D00519895 /* Result.framework */ = {isa = PBXFileReference; lastKnownFileType = wrapper.framework; name = Result.framework; path = Carthage/Build/iOS/Result.framework; sourceTree = "<group>"; };
		C7F740581C4B2A2F00519895 /* UserDefaults.swift */ = {isa = PBXFileReference; fileEncoding = 4; lastKnownFileType = sourcecode.swift; path = UserDefaults.swift; sourceTree = "<group>"; };
/* End PBXFileReference section */

/* Begin PBXFrameworksBuildPhase section */
		C72D32C61C470F5200F88B11 /* Frameworks */ = {
			isa = PBXFrameworksBuildPhase;
			buildActionMask = 2147483647;
			files = (
				B25D051B1EA2CCBD0039D323 /* ReactiveSwift.framework in Frameworks */,
				C7F740501C4B219D00519895 /* ReactiveCocoa.framework in Frameworks */,
				C7F740511C4B219D00519895 /* Result.framework in Frameworks */,
			);
			runOnlyForDeploymentPostprocessing = 0;
		};
		C72D32DA1C470F5300F88B11 /* Frameworks */ = {
			isa = PBXFrameworksBuildPhase;
			buildActionMask = 2147483647;
			files = (
			);
			runOnlyForDeploymentPostprocessing = 0;
		};
/* End PBXFrameworksBuildPhase section */

/* Begin PBXGroup section */
		B20B7B7F1EA2EF9B00BC5ABA /* RAC Extensions */ = {
			isa = PBXGroup;
			children = (
				B20B7B841EA2EFC100BC5ABA /* RacExtensions.swift */,
			);
			path = "RAC Extensions";
			sourceTree = "<group>";
		};
		C72D32C01C470F5200F88B11 = {
			isa = PBXGroup;
			children = (
				C72D32CB1C470F5300F88B11 /* RACNest */,
				C72D32E01C470F5300F88B11 /* RACNestTests */,
				C7F740521C4B21AD00519895 /* Frameworks */,
				C72D32CA1C470F5200F88B11 /* Products */,
			);
			sourceTree = "<group>";
		};
		C72D32CA1C470F5200F88B11 /* Products */ = {
			isa = PBXGroup;
			children = (
				C72D32C91C470F5200F88B11 /* RACNest.app */,
				C72D32DD1C470F5300F88B11 /* RACNestTests.xctest */,
			);
			name = Products;
			sourceTree = "<group>";
		};
		C72D32CB1C470F5300F88B11 /* RACNest */ = {
			isa = PBXGroup;
			children = (
				C72D32EC1C470FE000F88B11 /* AppDelegate */,
				C7852C311C4ACA9F00375089 /* AppRelated */,
				C72D32F61C470FE000F88B11 /* ViewControllers */,
				C72D330A1C471ADB00F88B11 /* Components */,
				C72D32EE1C470FE000F88B11 /* Resources */,
				C72D32F41C470FE000F88B11 /* Support */,
			);
			path = RACNest;
			sourceTree = "<group>";
		};
		C72D32E01C470F5300F88B11 /* RACNestTests */ = {
			isa = PBXGroup;
			children = (
				C72D32E11C470F5300F88B11 /* RACNestTests.swift */,
				C72D32E31C470F5300F88B11 /* Info.plist */,
			);
			path = RACNestTests;
			sourceTree = "<group>";
		};
		C72D32EC1C470FE000F88B11 /* AppDelegate */ = {
			isa = PBXGroup;
			children = (
				C72D32ED1C470FE000F88B11 /* AppDelegate.swift */,
			);
			path = AppDelegate;
			sourceTree = "<group>";
		};
		C72D32EE1C470FE000F88B11 /* Resources */ = {
			isa = PBXGroup;
			children = (
				C72D32EF1C470FE000F88B11 /* Assets.xcassets */,
				C72D32F01C470FE000F88B11 /* LaunchScreen.storyboard */,
				C72D32F21C470FE000F88B11 /* Main.storyboard */,
			);
			path = Resources;
			sourceTree = "<group>";
		};
		C72D32F41C470FE000F88B11 /* Support */ = {
			isa = PBXGroup;
			children = (
				C72D32F51C470FE000F88B11 /* Info.plist */,
			);
			path = Support;
			sourceTree = "<group>";
		};
		C72D32F61C470FE000F88B11 /* ViewControllers */ = {
			isa = PBXGroup;
			children = (
				C741B5A11C5E93E400C69372 /* Puzzle */,
				C7852C3B1C4ACF9500375089 /* Form */,
				C76C20591C504B750083F4F5 /* Search */,
				C7852C3E1C4ACFE000375089 /* Main */,
			);
			path = ViewControllers;
			sourceTree = "<group>";
		};
		C72D330A1C471ADB00F88B11 /* Components */ = {
			isa = PBXGroup;
			children = (
				B20B7B7F1EA2EF9B00BC5ABA /* RAC Extensions */,
				C7F740571C4B2A2700519895 /* UserDefaults */,
				C72D330B1C471AEE00F88B11 /* UI */,
			);
			path = Components;
			sourceTree = "<group>";
		};
		C72D330B1C471AEE00F88B11 /* UI */ = {
			isa = PBXGroup;
			children = (
				C7CB87111C51AB8E00ED9AE6 /* GenericTableCell.swift */,
				C72D330C1C471B0C00F88B11 /* CellProtocols.swift */,
				C72D330E1C471B3000F88B11 /* TableViewProtocols.swift */,
				C7852C341C4ACB6B00375089 /* Storyboard.swift */,
			);
			path = UI;
			sourceTree = "<group>";
		};
		C741B5A11C5E93E400C69372 /* Puzzle */ = {
			isa = PBXGroup;
			children = (
				C741B5A21C5E940400C69372 /* PuzzleViewController.swift */,
				C741B5A41C5E96D800C69372 /* Board */,
			);
			path = Puzzle;
			sourceTree = "<group>";
		};
		C741B5A41C5E96D800C69372 /* Board */ = {
			isa = PBXGroup;
			children = (
				C741B5A51C5E96DF00C69372 /* PuzzleBoard.swift */,
				C741B5A71C5EA01900C69372 /* PuzzlePiece.swift */,
				C741B5B41C5EC65600C69372 /* ViewModel */,
			);
			path = Board;
			sourceTree = "<group>";
		};
		C741B5B41C5EC65600C69372 /* ViewModel */ = {
			isa = PBXGroup;
			children = (
				C7E353671C680DC200A6C9DE /* PuzzleBoardDataSource.swift */,
				C7E353691C680E5C00A6C9DE /* PuzzleBoardAnimator.swift */,
				C741B5B61C5EC65600C69372 /* PuzzlePieceViewModel.swift */,
			);
			path = ViewModel;
			sourceTree = "<group>";
		};
		C76C20591C504B750083F4F5 /* Search */ = {
			isa = PBXGroup;
			children = (
				C76C205A1C504B9D0083F4F5 /* SearchViewController.swift */,
				C7CB87131C51AC7000ED9AE6 /* Components */,
				C76C205E1C5053660083F4F5 /* DataSource */,
			);
			path = Search;
			sourceTree = "<group>";
		};
		C76C205E1C5053660083F4F5 /* DataSource */ = {
			isa = PBXGroup;
			children = (
				C76C205F1C5053660083F4F5 /* words.txt */,
			);
			path = DataSource;
			sourceTree = "<group>";
		};
		C7852C311C4ACA9F00375089 /* AppRelated */ = {
			isa = PBXGroup;
			children = (
				C7852C321C4ACAAA00375089 /* StoryboardViewController.swift */,
			);
			path = AppRelated;
			sourceTree = "<group>";
		};
		C7852C3B1C4ACF9500375089 /* Form */ = {
			isa = PBXGroup;
			children = (
				C7852C3C1C4ACF9500375089 /* FormViewController.swift */,
				C7852C4A1C4B0E1F00375089 /* Components */,
			);
			path = Form;
			sourceTree = "<group>";
		};
		C7852C3E1C4ACFE000375089 /* Main */ = {
			isa = PBXGroup;
			children = (
				C7852C431C4ACFE000375089 /* MainViewController.swift */,
				C7852C3F1C4ACFE000375089 /* Components */,
			);
			path = Main;
			sourceTree = "<group>";
		};
		C7852C3F1C4ACFE000375089 /* Components */ = {
			isa = PBXGroup;
			children = (
				C7852C401C4ACFE000375089 /* MainViewModel.swift */,
				C7852C421C4ACFE000375089 /* MainCellItem.swift */,
			);
			path = Components;
			sourceTree = "<group>";
		};
		C7852C4A1C4B0E1F00375089 /* Components */ = {
			isa = PBXGroup;
			children = (
				C7852C4B1C4B0E2B00375089 /* FormViewModel.swift */,
			);
			path = Components;
			sourceTree = "<group>";
		};
		C7CB87131C51AC7000ED9AE6 /* Components */ = {
			isa = PBXGroup;
			children = (
				C7CB87151C51AC7000ED9AE6 /* SearchViewModel.swift */,
				C7CB87141C51AC7000ED9AE6 /* SearchCellItem.swift */,
			);
			path = Components;
			sourceTree = "<group>";
		};
		C7F740521C4B21AD00519895 /* Frameworks */ = {
			isa = PBXGroup;
			children = (
				B25D051A1EA2CCBD0039D323 /* ReactiveSwift.framework */,
				C7F7404C1C4B219D00519895 /* Rex.framework */,
				C7F7404D1C4B219D00519895 /* ReactiveCocoa.framework */,
				C7F7404E1C4B219D00519895 /* Result.framework */,
			);
			name = Frameworks;
			sourceTree = "<group>";
		};
		C7F740571C4B2A2700519895 /* UserDefaults */ = {
			isa = PBXGroup;
			children = (
				C7F740581C4B2A2F00519895 /* UserDefaults.swift */,
			);
			path = UserDefaults;
			sourceTree = "<group>";
		};
/* End PBXGroup section */

/* Begin PBXNativeTarget section */
		C72D32C81C470F5200F88B11 /* RACNest */ = {
			isa = PBXNativeTarget;
			buildConfigurationList = C72D32E61C470F5300F88B11 /* Build configuration list for PBXNativeTarget "RACNest" */;
			buildPhases = (
				C72D32C51C470F5200F88B11 /* Sources */,
				C72D32C61C470F5200F88B11 /* Frameworks */,
				C72D32C71C470F5200F88B11 /* Resources */,
				C7F740531C4B264F00519895 /* Carthage Run Script */,
			);
			buildRules = (
			);
			dependencies = (
			);
			name = RACNest;
			productName = RACNest;
			productReference = C72D32C91C470F5200F88B11 /* RACNest.app */;
			productType = "com.apple.product-type.application";
		};
		C72D32DC1C470F5300F88B11 /* RACNestTests */ = {
			isa = PBXNativeTarget;
			buildConfigurationList = C72D32E91C470F5300F88B11 /* Build configuration list for PBXNativeTarget "RACNestTests" */;
			buildPhases = (
				C72D32D91C470F5300F88B11 /* Sources */,
				C72D32DA1C470F5300F88B11 /* Frameworks */,
				C72D32DB1C470F5300F88B11 /* Resources */,
			);
			buildRules = (
			);
			dependencies = (
				C72D32DF1C470F5300F88B11 /* PBXTargetDependency */,
			);
			name = RACNestTests;
			productName = RACNestTests;
			productReference = C72D32DD1C470F5300F88B11 /* RACNestTests.xctest */;
			productType = "com.apple.product-type.bundle.unit-test";
		};
/* End PBXNativeTarget section */

/* Begin PBXProject section */
		C72D32C11C470F5200F88B11 /* Project object */ = {
			isa = PBXProject;
			attributes = {
				LastSwiftUpdateCheck = 0720;
				LastUpgradeCheck = 0830;
				ORGANIZATIONNAME = "Rui Peres";
				TargetAttributes = {
					C72D32C81C470F5200F88B11 = {
						CreatedOnToolsVersion = 7.2;
					};
					C72D32DC1C470F5300F88B11 = {
						CreatedOnToolsVersion = 7.2;
						TestTargetID = C72D32C81C470F5200F88B11;
					};
				};
			};
			buildConfigurationList = C72D32C41C470F5200F88B11 /* Build configuration list for PBXProject "RACNest" */;
			compatibilityVersion = "Xcode 3.2";
			developmentRegion = English;
			hasScannedForEncodings = 0;
			knownRegions = (
				en,
				Base,
			);
			mainGroup = C72D32C01C470F5200F88B11;
			productRefGroup = C72D32CA1C470F5200F88B11 /* Products */;
			projectDirPath = "";
			projectRoot = "";
			targets = (
				C72D32C81C470F5200F88B11 /* RACNest */,
				C72D32DC1C470F5300F88B11 /* RACNestTests */,
			);
		};
/* End PBXProject section */

/* Begin PBXResourcesBuildPhase section */
		C72D32C71C470F5200F88B11 /* Resources */ = {
			isa = PBXResourcesBuildPhase;
			buildActionMask = 2147483647;
			files = (
				C72D32FB1C470FE000F88B11 /* Main.storyboard in Resources */,
				C72D32F91C470FE000F88B11 /* Assets.xcassets in Resources */,
				C76C20601C5053660083F4F5 /* words.txt in Resources */,
				C72D32FA1C470FE000F88B11 /* LaunchScreen.storyboard in Resources */,
			);
			runOnlyForDeploymentPostprocessing = 0;
		};
		C72D32DB1C470F5300F88B11 /* Resources */ = {
			isa = PBXResourcesBuildPhase;
			buildActionMask = 2147483647;
			files = (
			);
			runOnlyForDeploymentPostprocessing = 0;
		};
/* End PBXResourcesBuildPhase section */

/* Begin PBXShellScriptBuildPhase section */
		C7F740531C4B264F00519895 /* Carthage Run Script */ = {
			isa = PBXShellScriptBuildPhase;
			buildActionMask = 2147483647;
			files = (
			);
			inputPaths = (
				"$(SRCROOT)/Carthage/Build/iOS/ReactiveSwift.framework",
				"$(SRCROOT)/Carthage/Build/iOS/ReactiveCocoa.framework",
				"$(SRCROOT)/Carthage/Build/iOS/Result.framework",
			);
			name = "Carthage Run Script";
			outputPaths = (
			);
			runOnlyForDeploymentPostprocessing = 0;
			shellPath = /bin/sh;
			shellScript = "/usr/local/bin/carthage copy-frameworks\n";
		};
/* End PBXShellScriptBuildPhase section */

/* Begin PBXSourcesBuildPhase section */
		C72D32C51C470F5200F88B11 /* Sources */ = {
			isa = PBXSourcesBuildPhase;
			buildActionMask = 2147483647;
			files = (
				C7852C441C4ACFE000375089 /* MainViewModel.swift in Sources */,
				C72D32F81C470FE000F88B11 /* AppDelegate.swift in Sources */,
				B20B7B851EA2EFC100BC5ABA /* RacExtensions.swift in Sources */,
				C7CB87171C51AC7000ED9AE6 /* SearchViewModel.swift in Sources */,
				C7CB87161C51AC7000ED9AE6 /* SearchCellItem.swift in Sources */,
				C7CB87121C51AB8E00ED9AE6 /* GenericTableCell.swift in Sources */,
				C7852C461C4ACFE000375089 /* MainCellItem.swift in Sources */,
				C741B5A81C5EA01900C69372 /* PuzzlePiece.swift in Sources */,
				C7F740591C4B2A2F00519895 /* UserDefaults.swift in Sources */,
				C741B5A31C5E940400C69372 /* PuzzleViewController.swift in Sources */,
				C7852C331C4ACAAA00375089 /* StoryboardViewController.swift in Sources */,
				C7E353681C680DC200A6C9DE /* PuzzleBoardDataSource.swift in Sources */,
				C741B5B81C5EC65600C69372 /* PuzzlePieceViewModel.swift in Sources */,
				C72D330F1C471B3000F88B11 /* TableViewProtocols.swift in Sources */,
				C76C205B1C504B9D0083F4F5 /* SearchViewController.swift in Sources */,
				C741B5A61C5E96DF00C69372 /* PuzzleBoard.swift in Sources */,
				C72D330D1C471B0C00F88B11 /* CellProtocols.swift in Sources */,
				C7852C4C1C4B0E2B00375089 /* FormViewModel.swift in Sources */,
				C7852C351C4ACB6B00375089 /* Storyboard.swift in Sources */,
				C7852C3D1C4ACF9500375089 /* FormViewController.swift in Sources */,
				C7852C471C4ACFE000375089 /* MainViewController.swift in Sources */,
				C7E3536A1C680E5C00A6C9DE /* PuzzleBoardAnimator.swift in Sources */,
			);
			runOnlyForDeploymentPostprocessing = 0;
		};
		C72D32D91C470F5300F88B11 /* Sources */ = {
			isa = PBXSourcesBuildPhase;
			buildActionMask = 2147483647;
			files = (
				C72D32E21C470F5300F88B11 /* RACNestTests.swift in Sources */,
			);
			runOnlyForDeploymentPostprocessing = 0;
		};
/* End PBXSourcesBuildPhase section */

/* Begin PBXTargetDependency section */
		C72D32DF1C470F5300F88B11 /* PBXTargetDependency */ = {
			isa = PBXTargetDependency;
			target = C72D32C81C470F5200F88B11 /* RACNest */;
			targetProxy = C72D32DE1C470F5300F88B11 /* PBXContainerItemProxy */;
		};
/* End PBXTargetDependency section */

/* Begin PBXVariantGroup section */
		C72D32F01C470FE000F88B11 /* LaunchScreen.storyboard */ = {
			isa = PBXVariantGroup;
			children = (
				C72D32F11C470FE000F88B11 /* Base */,
			);
			name = LaunchScreen.storyboard;
			sourceTree = "<group>";
		};
		C72D32F21C470FE000F88B11 /* Main.storyboard */ = {
			isa = PBXVariantGroup;
			children = (
				C72D32F31C470FE000F88B11 /* Base */,
			);
			name = Main.storyboard;
			sourceTree = "<group>";
		};
/* End PBXVariantGroup section */

/* Begin XCBuildConfiguration section */
		C72D32E41C470F5300F88B11 /* Debug */ = {
			isa = XCBuildConfiguration;
			buildSettings = {
				ALWAYS_SEARCH_USER_PATHS = NO;
				CLANG_CXX_LANGUAGE_STANDARD = "gnu++0x";
				CLANG_CXX_LIBRARY = "libc++";
				CLANG_ENABLE_MODULES = YES;
				CLANG_ENABLE_OBJC_ARC = YES;
				CLANG_WARN_BOOL_CONVERSION = YES;
				CLANG_WARN_CONSTANT_CONVERSION = YES;
				CLANG_WARN_DIRECT_OBJC_ISA_USAGE = YES_ERROR;
				CLANG_WARN_EMPTY_BODY = YES;
				CLANG_WARN_ENUM_CONVERSION = YES;
				CLANG_WARN_INFINITE_RECURSION = YES;
				CLANG_WARN_INT_CONVERSION = YES;
				CLANG_WARN_OBJC_ROOT_CLASS = YES_ERROR;
				CLANG_WARN_SUSPICIOUS_MOVE = YES;
				CLANG_WARN_UNREACHABLE_CODE = YES;
				CLANG_WARN__DUPLICATE_METHOD_MATCH = YES;
				"CODE_SIGN_IDENTITY[sdk=iphoneos*]" = "iPhone Developer";
				COPY_PHASE_STRIP = NO;
				DEBUG_INFORMATION_FORMAT = dwarf;
				ENABLE_STRICT_OBJC_MSGSEND = YES;
				ENABLE_TESTABILITY = YES;
				GCC_C_LANGUAGE_STANDARD = gnu99;
				GCC_DYNAMIC_NO_PIC = NO;
				GCC_NO_COMMON_BLOCKS = YES;
				GCC_OPTIMIZATION_LEVEL = 0;
				GCC_PREPROCESSOR_DEFINITIONS = (
					"DEBUG=1",
					"$(inherited)",
				);
				GCC_WARN_64_TO_32_BIT_CONVERSION = YES;
				GCC_WARN_ABOUT_RETURN_TYPE = YES_ERROR;
				GCC_WARN_UNDECLARED_SELECTOR = YES;
				GCC_WARN_UNINITIALIZED_AUTOS = YES_AGGRESSIVE;
				GCC_WARN_UNUSED_FUNCTION = YES;
				GCC_WARN_UNUSED_VARIABLE = YES;
				IPHONEOS_DEPLOYMENT_TARGET = 9.2;
				MTL_ENABLE_DEBUG_INFO = YES;
				ONLY_ACTIVE_ARCH = YES;
				SDKROOT = iphoneos;
				SWIFT_OPTIMIZATION_LEVEL = "-Onone";
				TARGETED_DEVICE_FAMILY = "1,2";
			};
			name = Debug;
		};
		C72D32E51C470F5300F88B11 /* Release */ = {
			isa = XCBuildConfiguration;
			buildSettings = {
				ALWAYS_SEARCH_USER_PATHS = NO;
				CLANG_CXX_LANGUAGE_STANDARD = "gnu++0x";
				CLANG_CXX_LIBRARY = "libc++";
				CLANG_ENABLE_MODULES = YES;
				CLANG_ENABLE_OBJC_ARC = YES;
				CLANG_WARN_BOOL_CONVERSION = YES;
				CLANG_WARN_CONSTANT_CONVERSION = YES;
				CLANG_WARN_DIRECT_OBJC_ISA_USAGE = YES_ERROR;
				CLANG_WARN_EMPTY_BODY = YES;
				CLANG_WARN_ENUM_CONVERSION = YES;
				CLANG_WARN_INFINITE_RECURSION = YES;
				CLANG_WARN_INT_CONVERSION = YES;
				CLANG_WARN_OBJC_ROOT_CLASS = YES_ERROR;
				CLANG_WARN_SUSPICIOUS_MOVE = YES;
				CLANG_WARN_UNREACHABLE_CODE = YES;
				CLANG_WARN__DUPLICATE_METHOD_MATCH = YES;
				"CODE_SIGN_IDENTITY[sdk=iphoneos*]" = "iPhone Developer";
				COPY_PHASE_STRIP = NO;
				DEBUG_INFORMATION_FORMAT = "dwarf-with-dsym";
				ENABLE_NS_ASSERTIONS = NO;
				ENABLE_STRICT_OBJC_MSGSEND = YES;
				GCC_C_LANGUAGE_STANDARD = gnu99;
				GCC_NO_COMMON_BLOCKS = YES;
				GCC_WARN_64_TO_32_BIT_CONVERSION = YES;
				GCC_WARN_ABOUT_RETURN_TYPE = YES_ERROR;
				GCC_WARN_UNDECLARED_SELECTOR = YES;
				GCC_WARN_UNINITIALIZED_AUTOS = YES_AGGRESSIVE;
				GCC_WARN_UNUSED_FUNCTION = YES;
				GCC_WARN_UNUSED_VARIABLE = YES;
				IPHONEOS_DEPLOYMENT_TARGET = 9.2;
				MTL_ENABLE_DEBUG_INFO = NO;
				SDKROOT = iphoneos;
				SWIFT_OPTIMIZATION_LEVEL = "-Owholemodule";
				TARGETED_DEVICE_FAMILY = "1,2";
				VALIDATE_PRODUCT = YES;
			};
			name = Release;
		};
		C72D32E71C470F5300F88B11 /* Debug */ = {
			isa = XCBuildConfiguration;
			buildSettings = {
				ASSETCATALOG_COMPILER_APPICON_NAME = AppIcon;
				FRAMEWORK_SEARCH_PATHS = (
					"$(SRCROOT)/Carthage/Build/iOS/",
					"$(PROJECT_DIR)/Carthage/Build/iOS",
				);
				INFOPLIST_FILE = RACNest/Support/Info.plist;
				IPHONEOS_DEPLOYMENT_TARGET = 8.4;
				LD_RUNPATH_SEARCH_PATHS = "$(inherited) @executable_path/Frameworks";
				PRODUCT_BUNDLE_IDENTIFIER = rp.RACNest;
				PRODUCT_NAME = "$(TARGET_NAME)";
				SWIFT_VERSION = 3.0;
			};
			name = Debug;
		};
		C72D32E81C470F5300F88B11 /* Release */ = {
			isa = XCBuildConfiguration;
			buildSettings = {
				ASSETCATALOG_COMPILER_APPICON_NAME = AppIcon;
				FRAMEWORK_SEARCH_PATHS = (
					"$(SRCROOT)/Carthage/Build/iOS/",
					"$(PROJECT_DIR)/Carthage/Build/iOS",
				);
				INFOPLIST_FILE = RACNest/Support/Info.plist;
				IPHONEOS_DEPLOYMENT_TARGET = 8.4;
				LD_RUNPATH_SEARCH_PATHS = "$(inherited) @executable_path/Frameworks";
				PRODUCT_BUNDLE_IDENTIFIER = rp.RACNest;
				PRODUCT_NAME = "$(TARGET_NAME)";
				SWIFT_VERSION = 3.0;
			};
			name = Release;
		};
		C72D32EA1C470F5300F88B11 /* Debug */ = {
			isa = XCBuildConfiguration;
			buildSettings = {
				BUNDLE_LOADER = "$(TEST_HOST)";
				INFOPLIST_FILE = RACNestTests/Info.plist;
				LD_RUNPATH_SEARCH_PATHS = "$(inherited) @executable_path/Frameworks @loader_path/Frameworks";
				PRODUCT_BUNDLE_IDENTIFIER = rp.RACNestTests;
				PRODUCT_NAME = "$(TARGET_NAME)";
				SWIFT_VERSION = 3.0;
				TEST_HOST = "$(BUILT_PRODUCTS_DIR)/RACNest.app/RACNest";
			};
			name = Debug;
		};
		C72D32EB1C470F5300F88B11 /* Release */ = {
			isa = XCBuildConfiguration;
			buildSettings = {
				BUNDLE_LOADER = "$(TEST_HOST)";
				INFOPLIST_FILE = RACNestTests/Info.plist;
				LD_RUNPATH_SEARCH_PATHS = "$(inherited) @executable_path/Frameworks @loader_path/Frameworks";
				PRODUCT_BUNDLE_IDENTIFIER = rp.RACNestTests;
				PRODUCT_NAME = "$(TARGET_NAME)";
				SWIFT_VERSION = 3.0;
				TEST_HOST = "$(BUILT_PRODUCTS_DIR)/RACNest.app/RACNest";
			};
			name = Release;
		};
/* End XCBuildConfiguration section */

/* Begin XCConfigurationList section */
		C72D32C41C470F5200F88B11 /* Build configuration list for PBXProject "RACNest" */ = {
			isa = XCConfigurationList;
			buildConfigurations = (
				C72D32E41C470F5300F88B11 /* Debug */,
				C72D32E51C470F5300F88B11 /* Release */,
			);
			defaultConfigurationIsVisible = 0;
			defaultConfigurationName = Release;
		};
		C72D32E61C470F5300F88B11 /* Build configuration list for PBXNativeTarget "RACNest" */ = {
			isa = XCConfigurationList;
			buildConfigurations = (
				C72D32E71C470F5300F88B11 /* Debug */,
				C72D32E81C470F5300F88B11 /* Release */,
			);
			defaultConfigurationIsVisible = 0;
			defaultConfigurationName = Release;
		};
		C72D32E91C470F5300F88B11 /* Build configuration list for PBXNativeTarget "RACNestTests" */ = {
			isa = XCConfigurationList;
			buildConfigurations = (
				C72D32EA1C470F5300F88B11 /* Debug */,
				C72D32EB1C470F5300F88B11 /* Release */,
			);
			defaultConfigurationIsVisible = 0;
			defaultConfigurationName = Release;
		};
/* End XCConfigurationList section */
	};
	rootObject = C72D32C11C470F5200F88B11 /* Project object */;
}
